
Microsoft Visual Studio Solution File, Format Version 12.00
# Visual Studio Version 17
VisualStudioVersion = 17.6.33723.286
MinimumVisualStudioVersion = 10.0.40219.1
Project("{8BC9CEB8-8B4A-11D0-8D11-00A0C91BC942}") = "solveMultiwaris", "ParadigmaOOP2_008\ParadigmaOOP2_008.vcxproj", "{0CDA4FC9-CB58-4352-9F43-23BE753B61BC}"
EndProject
Project("{8BC9CEB8-8B4A-11D0-8D11-00A0C91BC942}") = "ParadigmaOOP2", "Polymorphism\Polymorphism.vcxproj", "{42F6EF8B-D550-4445-B516-6DDEE19F8366}"
EndProject
Project("{8BC9CEB8-8B4A-11D0-8D11-00A0C91BC942}") = "Program noOverriding", "Program noOverriding\Program noOverriding.vcxproj", "{43A555A3-AF0D-4484-9B4D-DA3DF9E3CCDE}"
EndProject
Project("{8BC9CEB8-8B4A-11D0-8D11-00A0C91BC942}") = "Program noPewarisan", "Program noPewarisan\Program noPewarisan.vcxproj", "{4244468A-4D52-44DF-B24C-4A5E5C0A6647}"
EndProject
Project("{8BC9CEB8-8B4A-11D0-8D11-00A0C91BC942}") = "Program enkapsulasi", "Program enkapsulasi\Program enkapsulasi.vcxproj", "{E3690289-9F2D-43D5-855B-7328DC60B627}"
EndProject
Project("{8BC9CEB8-8B4A-11D0-8D11-00A0C91BC942}") = "Program abstraksi", "Program abstraksi\Program abstraksi.vcxproj", "{A6E48745-37D5-48DB-B44D-B9BA31AC0994}"
EndProject
Project("{8BC9CEB8-8B4A-11D0-8D11-00A0C91BC942}") = "Program MultiWaris", "Program MultiWaris\Program MultiWaris.vcxproj", "{DFB593FC-A585-4764-9E0F-75F65D099C35}"
EndProject
Global
	GlobalSection(SolutionConfigurationPlatforms) = preSolution
		Debug|x64 = Debug|x64
		Debug|x86 = Debug|x86
		Release|x64 = Release|x64
		Release|x86 = Release|x86
	EndGlobalSection
	GlobalSection(ProjectConfigurationPlatforms) = postSolution
		{0CDA4FC9-CB58-4352-9F43-23BE753B61BC}.Debug|x64.ActiveCfg = Debug|x64
		{0CDA4FC9-CB58-4352-9F43-23BE753B61BC}.Debug|x64.Build.0 = Debug|x64
		{0CDA4FC9-CB58-4352-9F43-23BE753B61BC}.Debug|x86.ActiveCfg = Debug|Win32
		{0CDA4FC9-CB58-4352-9F43-23BE753B61BC}.Debug|x86.Build.0 = Debug|Win32
		{0CDA4FC9-CB58-4352-9F43-23BE753B61BC}.Release|x64.ActiveCfg = Release|x64
		{0CDA4FC9-CB58-4352-9F43-23BE753B61BC}.Release|x64.Build.0 = Release|x64
		{0CDA4FC9-CB58-4352-9F43-23BE753B61BC}.Release|x86.ActiveCfg = Release|Win32
		{0CDA4FC9-CB58-4352-9F43-23BE753B61BC}.Release|x86.Build.0 = Release|Win32
		{42F6EF8B-D550-4445-B516-6DDEE19F8366}.Debug|x64.ActiveCfg = Debug|x64
		{42F6EF8B-D550-4445-B516-6DDEE19F8366}.Debug|x64.Build.0 = Debug|x64
		{42F6EF8B-D550-4445-B516-6DDEE19F8366}.Debug|x86.ActiveCfg = Debug|Win32
		{42F6EF8B-D550-4445-B516-6DDEE19F8366}.Debug|x86.Build.0 = Debug|Win32
		{42F6EF8B-D550-4445-B516-6DDEE19F8366}.Release|x64.ActiveCfg = Release|x64
		{42F6EF8B-D550-4445-B516-6DDEE19F8366}.Release|x64.Build.0 = Release|x64
		{42F6EF8B-D550-4445-B516-6DDEE19F8366}.Release|x86.ActiveCfg = Release|Win32
		{42F6EF8B-D550-4445-B516-6DDEE19F8366}.Release|x86.Build.0 = Release|Win32
		{43A555A3-AF0D-4484-9B4D-DA3DF9E3CCDE}.Debug|x64.ActiveCfg = Debug|x64
		{43A555A3-AF0D-4484-9B4D-DA3DF9E3CCDE}.Debug|x64.Build.0 = Debug|x64
		{43A555A3-AF0D-4484-9B4D-DA3DF9E3CCDE}.Debug|x86.ActiveCfg = Debug|Win32
		{43A555A3-AF0D-4484-9B4D-DA3DF9E3CCDE}.Debug|x86.Build.0 = Debug|Win32
		{43A555A3-AF0D-4484-9B4D-DA3DF9E3CCDE}.Release|x64.ActiveCfg = Release|x64
		{43A555A3-AF0D-4484-9B4D-DA3DF9E3CCDE}.Release|x64.Build.0 = Release|x64
		{43A555A3-AF0D-4484-9B4D-DA3DF9E3CCDE}.Release|x86.ActiveCfg = Release|Win32
		{43A555A3-AF0D-4484-9B4D-DA3DF9E3CCDE}.Release|x86.Build.0 = Release|Win32
		{4244468A-4D52-44DF-B24C-4A5E5C0A6647}.Debug|x64.ActiveCfg = Debug|x64
		{4244468A-4D52-44DF-B24C-4A5E5C0A6647}.Debug|x64.Build.0 = Debug|x64
		{4244468A-4D52-44DF-B24C-4A5E5C0A6647}.Debug|x86.ActiveCfg = Debug|Win32
		{4244468A-4D52-44DF-B24C-4A5E5C0A6647}.Debug|x86.Build.0 = Debug|Win32
		{4244468A-4D52-44DF-B24C-4A5E5C0A6647}.Release|x64.ActiveCfg = Release|x64
		{4244468A-4D52-44DF-B24C-4A5E5C0A6647}.Release|x64.Build.0 = Release|x64
		{4244468A-4D52-44DF-B24C-4A5E5C0A6647}.Release|x86.ActiveCfg = Release|Win32
		{4244468A-4D52-44DF-B24C-4A5E5C0A6647}.Release|x86.Build.0 = Release|Win32
		{E3690289-9F2D-43D5-855B-7328DC60B627}.Debug|x64.ActiveCfg = Debug|x64
		{E3690289-9F2D-43D5-855B-7328DC60B627}.Debug|x64.Build.0 = Debug|x64
		{E3690289-9F2D-43D5-855B-7328DC60B627}.Debug|x86.ActiveCfg = Debug|Win32
		{E3690289-9F2D-43D5-855B-7328DC60B627}.Debug|x86.Build.0 = Debug|Win32
		{E3690289-9F2D-43D5-855B-7328DC60B627}.Release|x64.ActiveCfg = Release|x64
		{E3690289-9F2D-43D5-855B-7328DC60B627}.Release|x64.Build.0 = Release|x64
		{E3690289-9F2D-43D5-855B-7328DC60B627}.Release|x86.ActiveCfg = Release|Win32
		{E3690289-9F2D-43D5-855B-7328DC60B627}.Release|x86.Build.0 = Release|Win32
		{A6E48745-37D5-48DB-B44D-B9BA31AC0994}.Debug|x64.ActiveCfg = Debug|x64
		{A6E48745-37D5-48DB-B44D-B9BA31AC0994}.Debug|x64.Build.0 = Debug|x64
		{A6E48745-37D5-48DB-B44D-B9BA31AC0994}.Debug|x86.ActiveCfg = Debug|Win32
		{A6E48745-37D5-48DB-B44D-B9BA31AC0994}.Debug|x86.Build.0 = Debug|Win32
		{A6E48745-37D5-48DB-B44D-B9BA31AC0994}.Release|x64.ActiveCfg = Release|x64
		{A6E48745-37D5-48DB-B44D-B9BA31AC0994}.Release|x64.Build.0 = Release|x64
		{A6E48745-37D5-48DB-B44D-B9BA31AC0994}.Release|x86.ActiveCfg = Release|Win32
		{A6E48745-37D5-48DB-B44D-B9BA31AC0994}.Release|x86.Build.0 = Release|Win32
		{DFB593FC-A585-4764-9E0F-75F65D099C35}.Debug|x64.ActiveCfg = Debug|x64
		{DFB593FC-A585-4764-9E0F-75F65D099C35}.Debug|x64.Build.0 = Debug|x64
		{DFB593FC-A585-4764-9E0F-75F65D099C35}.Debug|x86.ActiveCfg = Debug|Win32
		{DFB593FC-A585-4764-9E0F-75F65D099C35}.Debug|x86.Build.0 = Debug|Win32
		{DFB593FC-A585-4764-9E0F-75F65D099C35}.Release|x64.ActiveCfg = Release|x64
		{DFB593FC-A585-4764-9E0F-75F65D099C35}.Release|x64.Build.0 = Release|x64
		{DFB593FC-A585-4764-9E0F-75F65D099C35}.Release|x86.ActiveCfg = Release|Win32
		{DFB593FC-A585-4764-9E0F-75F65D099C35}.Release|x86.Build.0 = Release|Win32
	EndGlobalSection
	GlobalSection(SolutionProperties) = preSolution
		HideSolutionNode = FALSE
	EndGlobalSection
	GlobalSection(ExtensibilityGlobals) = postSolution
		SolutionGuid = {2B7CB6EE-E248-4C57-BD3C-1DD4117FF6CE}
	EndGlobalSection
EndGlobal
